<?xml version="1.0" encoding="utf-8"?>
<Project ToolsVersion="4.0" xmlns="http://schemas.microsoft.com/developer/msbuild/2003">
  <ItemGroup>
    <Filter Include="源文件">
      <UniqueIdentifier>{4FC737F1-C7A5-4376-A066-2A32D752A2FF}</UniqueIdentifier>
      <Extensions>cpp;c;cc;cxx;def;odl;idl;hpj;bat;asm;asmx</Extensions>
    </Filter>
    <Filter Include="头文件">
      <UniqueIdentifier>{93995380-89BD-4b04-88EB-625FBE52EBFB}</UniqueIdentifier>
      <Extensions>h;hpp;hxx;hm;inl;inc;xsd</Extensions>
    </Filter>
    <Filter Include="资源文件">
      <UniqueIdentifier>{67DA6AB6-F800-4c08-8B7A-83BB121AAD01}</UniqueIdentifier>
      <Extensions>rc;ico;cur;bmp;dlg;rc2;rct;bin;rgs;gif;jpg;jpeg;jpe;resx;tiff;tif;png;wav;mfcribbon-ms</Extensions>
    </Filter>
  </ItemGroup>
  <ItemGroup>
    <None Include="ReadMe.txt" />
    <None Include="res\P2PSharing.rc2">
      <Filter>资源文件</Filter>
    </None>
    <None Include="res\P2PSharing.ico">
      <Filter>资源文件</Filter>
    </None>
  </ItemGroup>
  <ItemGroup>
    <ClInclude Include="P2PSharing.h">
      <Filter>头文件</Filter>
    </ClInclude>
    <ClInclude Include="P2PSharingDlg.h">
      <Filter>头文件</Filter>
    </ClInclude>
    <ClInclude Include="stdafx.h">
      <Filter>头文件</Filter>
    </ClInclude>
    <ClInclude Include="targetver.h">
      <Filter>头文件</Filter>
    </ClInclude>
    <ClInclude Include="Resource.h">
      <Filter>头文件</Filter>
    </ClInclude>
    <ClInclude Include="CommandHandle.h">
      <Filter>头文件</Filter>
    </ClInclude>
    <ClInclude Include="Config.h">
      <Filter>头文件</Filter>
    </ClInclude>
    <ClInclude Include="CThread.h">
      <Filter>头文件</Filter>
    </ClInclude>
    <ClInclude Include="FingerTable.h">
      <Filter>头文件</Filter>
    </ClInclude>
    <ClInclude Include="Get.h">
      <Filter>头文件</Filter>
    </ClInclude>
    <ClInclude Include="Join.h">
      <Filter>头文件</Filter>
    </ClInclude>
    <ClInclude Include="Leave.h">
      <Filter>头文件</Filter>
    </ClInclude>
    <ClInclude Include="LS.h">
      <Filter>头文件</Filter>
    </ClInclude>
    <ClInclude Include="Peer.h">
      <Filter>头文件</Filter>
    </ClInclude>
    <ClInclude Include="PeerServer.h">
      <Filter>头文件</Filter>
    </ClInclude>
    <ClInclude Include="ReceiveHandle.h">
      <Filter>头文件</Filter>
    </ClInclude>
    <ClInclude Include="RequestHandle.h">
      <Filter>头文件</Filter>
    </ClInclude>
    <ClInclude Include="Search.h">
      <Filter>头文件</Filter>
    </ClInclude>
    <ClInclude Include="SendHandle.h">
      <Filter>头文件</Filter>
    </ClInclude>
    <ClInclude Include="Sock.h">
      <Filter>头文件</Filter>
    </ClInclude>
    <ClInclude Include="Stable.h">
      <Filter>头文件</Filter>
    </ClInclude>
    <ClInclude Include="TransServer.h">
      <Filter>头文件</Filter>
    </ClInclude>
    <ClInclude Include="Tool.h">
      <Filter>头文件</Filter>
    </ClInclude>
    <ClInclude Include="JoinPage.h">
      <Filter>头文件</Filter>
    </ClInclude>
    <ClInclude Include="SearchPage.h">
      <Filter>头文件</Filter>
    </ClInclude>
    <ClInclude Include="StatusPage.h">
      <Filter>头文件</Filter>
    </ClInclude>
    <ClInclude Include="InputPage.h">
      <Filter>头文件</Filter>
    </ClInclude>
    <ClInclude Include="RWLockImpl.h">
      <Filter>头文件</Filter>
    </ClInclude>
    <ClInclude Include="PlayThread.h">
      <Filter>头文件</Filter>
    </ClInclude>
  </ItemGroup>
  <ItemGroup>
    <ClCompile Include="P2PSharing.cpp">
      <Filter>源文件</Filter>
    </ClCompile>
    <ClCompile Include="P2PSharingDlg.cpp">
      <Filter>源文件</Filter>
    </ClCompile>
    <ClCompile Include="stdafx.cpp">
      <Filter>源文件</Filter>
    </ClCompile>
    <ClCompile Include="CommandHandle.cpp">
      <Filter>源文件</Filter>
    </ClCompile>
    <ClCompile Include="CThread.cpp">
      <Filter>源文件</Filter>
    </ClCompile>
    <ClCompile Include="FingerTable.cpp">
      <Filter>源文件</Filter>
    </ClCompile>
    <ClCompile Include="Get.cpp">
      <Filter>源文件</Filter>
    </ClCompile>
    <ClCompile Include="Join.cpp">
      <Filter>源文件</Filter>
    </ClCompile>
    <ClCompile Include="Leave.cpp">
      <Filter>源文件</Filter>
    </ClCompile>
    <ClCompile Include="LS.cpp">
      <Filter>源文件</Filter>
    </ClCompile>
    <ClCompile Include="Peer.cpp">
      <Filter>源文件</Filter>
    </ClCompile>
    <ClCompile Include="PeerServer.cpp">
      <Filter>源文件</Filter>
    </ClCompile>
    <ClCompile Include="ReceiveHandle.cpp">
      <Filter>源文件</Filter>
    </ClCompile>
    <ClCompile Include="RequestHandle.cpp">
      <Filter>源文件</Filter>
    </ClCompile>
    <ClCompile Include="Search.cpp">
      <Filter>源文件</Filter>
    </ClCompile>
    <ClCompile Include="SendHandle.cpp">
      <Filter>源文件</Filter>
    </ClCompile>
    <ClCompile Include="Sock.cpp">
      <Filter>源文件</Filter>
    </ClCompile>
    <ClCompile Include="Stable.cpp">
      <Filter>源文件</Filter>
    </ClCompile>
    <ClCompile Include="TransServer.cpp">
      <Filter>源文件</Filter>
    </ClCompile>
    <ClCompile Include="Tool.cpp">
      <Filter>源文件</Filter>
    </ClCompile>
    <ClCompile Include="JoinPage.cpp">
      <Filter>源文件</Filter>
    </ClCompile>
    <ClCompile Include="SearchPage.cpp">
      <Filter>源文件</Filter>
    </ClCompile>
    <ClCompile Include="StatusPage.cpp">
      <Filter>源文件</Filter>
    </ClCompile>
    <ClCompile Include="InputPage.cpp">
      <Filter>源文件</Filter>
    </ClCompile>
    <ClCompile Include="RWLockImpl.cpp">
      <Filter>源文件</Filter>
    </ClCompile>
    <ClCompile Include="PlayThread.cpp">
      <Filter>源文件</Filter>
    </ClCompile>
  </ItemGroup>
  <ItemGroup>
    <ResourceCompile Include="P2PSharing.rc">
      <Filter>资源文件</Filter>
    </ResourceCompile>
  </ItemGroup>
</Project>